<Solution>
  <Project Path="IronForge.Api/IronForge.Api.csproj" />
  <Project Path="IronForge.Application/IronForge.Application.csproj" />
  <Project Path="IronForge.Infrastructure/IronForge.Infrastructure.csproj" />
  <Project Path="IronForge.Mcp.Client/IronForge.Mcp.Client.csproj" />
  <Project Path="IronForge.Mcp/IronForge.Mcp.csproj" />
  <Project Path="IronForge.Migrator/IronForge.Migrator.csproj" />
  <Project Path="IronForge.Shared/IronForge.Shared.csproj" />
  <Project Path="IronForge.Web/IronForge.Web.csproj" />
</Solution>
